// !$*UTF8*$!
{
	archiveVersion = 1;
	classes = {
	};
	objectVersion = 46;
	objects = {

/* Begin PBXBuildFile section */
		CF836B541A42482800704A2C /* main.m in Sources */ = {isa = PBXBuildFile; fileRef = CF836B531A42482800704A2C /* main.m */; };
		CF836B571A42482800704A2C /* AppDelegate.m in Sources */ = {isa = PBXBuildFile; fileRef = CF836B561A42482800704A2C /* AppDelegate.m */; };
		CF836B5A1A42482800704A2C /* UserDataChallengeSolution.xcdatamodeld in Sources */ = {isa = PBXBuildFile; fileRef = CF836B581A42482800704A2C /* UserDataChallengeSolution.xcdatamodeld */; };
		CF836B5D1A42482800704A2C /* ViewController.m in Sources */ = {isa = PBXBuildFile; fileRef = CF836B5C1A42482800704A2C /* ViewController.m */; };
		CF836B601A42482800704A2C /* Main.storyboard in Resources */ = {isa = PBXBuildFile; fileRef = CF836B5E1A42482800704A2C /* Main.storyboard */; };
		CF836B621A42482800704A2C /* Images.xcassets in Resources */ = {isa = PBXBuildFile; fileRef = CF836B611A42482800704A2C /* Images.xcassets */; };
		CF836B651A42482800704A2C /* LaunchScreen.xib in Resources */ = {isa = PBXBuildFile; fileRef = CF836B631A42482800704A2C /* LaunchScreen.xib */; };
		CF836B711A42482800704A2C /* UserDataChallengeSolutionTests.m in Sources */ = {isa = PBXBuildFile; fileRef = CF836B701A42482800704A2C /* UserDataChallengeSolutionTests.m */; };
/* End PBXBuildFile section */

/* Begin PBXContainerItemProxy section */
		CF836B6B1A42482800704A2C /* PBXContainerItemProxy */ = {
			isa = PBXContainerItemProxy;
			containerPortal = CF836B461A42482800704A2C /* Project object */;
			proxyType = 1;
			remoteGlobalIDString = CF836B4D1A42482800704A2C;
			remoteInfo = UserDataChallengeSolution;
		};
/* End PBXContainerItemProxy section */

/* Begin PBXFileReference section */
		CF836B4E1A42482800704A2C /* UserDataChallengeSolution.app */ = {isa = PBXFileReference; explicitFileType = wrapper.application; includeInIndex = 0; path = UserDataChallengeSolution.app; sourceTree = BUILT_PRODUCTS_DIR; };
		CF836B521A42482800704A2C /* Info.plist */ = {isa = PBXFileReference; lastKnownFileType = text.plist.xml; path = Info.plist; sourceTree = "<group>"; };
		CF836B531A42482800704A2C /* main.m */ = {isa = PBXFileReference; lastKnownFileType = sourcecode.c.objc; path = main.m; sourceTree = "<group>"; };
		CF836B551A42482800704A2C /* AppDelegate.h */ = {isa = PBXFileReference; lastKnownFileType = sourcecode.c.h; path = AppDelegate.h; sourceTree = "<group>"; };
		CF836B561A42482800704A2C /* AppDelegate.m */ = {isa = PBXFileReference; lastKnownFileType = sourcecode.c.objc; path = AppDelegate.m; sourceTree = "<group>"; };
		CF836B591A42482800704A2C /* UserDataChallengeSolution.xcdatamodel */ = {isa = PBXFileReference; lastKnownFileType = wrapper.xcdatamodel; path = UserDataChallengeSolution.xcdatamodel; sourceTree = "<group>"; };
		CF836B5B1A42482800704A2C /* ViewController.h */ = {isa = PBXFileReference; lastKnownFileType = sourcecode.c.h; path = ViewController.h; sourceTree = "<group>"; };
		CF836B5C1A42482800704A2C /* ViewController.m */ = {isa = PBXFileReference; lastKnownFileType = sourcecode.c.objc; path = ViewController.m; sourceTree = "<group>"; };
		CF836B5F1A42482800704A2C /* Base */ = {isa = PBXFileReference; lastKnownFileType = file.storyboard; name = Base; path = Base.lproj/Main.storyboard; sourceTree = "<group>"; };
		CF836B611A42482800704A2C /* Images.xcassets */ = {isa = PBXFileReference; lastKnownFileType = folder.assetcatalog; path = Images.xcassets; sourceTree = "<group>"; };
		CF836B641A42482800704A2C /* Base */ = {isa = PBXFileReference; lastKnownFileType = file.xib; name = Base; path = Base.lproj/LaunchScreen.xib; sourceTree = "<group>"; };
		CF836B6A1A42482800704A2C /* UserDataChallengeSolutionTests.xctest */ = {isa = PBXFileReference; explicitFileType = wrapper.cfbundle; includeInIndex = 0; path = UserDataChallengeSolutionTests.xctest; sourceTree = BUILT_PRODUCTS_DIR; };
		CF836B6F1A42482800704A2C /* Info.plist */ = {isa = PBXFileReference; lastKnownFileType = text.plist.xml; path = Info.plist; sourceTree = "<group>"; };
		CF836B701A42482800704A2C /* UserDataChallengeSolutionTests.m */ = {isa = PBXFileReference; lastKnownFileType = sourcecode.c.objc; path = UserDataChallengeSolutionTests.m; sourceTree = "<group>"; };
/* End PBXFileReference section */

/* Begin PBXFrameworksBuildPhase section */
		CF836B4B1A42482800704A2C /* Frameworks */ = {
			isa = PBXFrameworksBuildPhase;
			buildActionMask = 2147483647;
			files = (
			);
			runOnlyForDeploymentPostprocessing = 0;
		};
		CF836B671A42482800704A2C /* Frameworks */ = {
			isa = PBXFrameworksBuildPhase;
			buildActionMask = 2147483647;
			files = (
			);
			runOnlyForDeploymentPostprocessing = 0;
		};
/* End PBXFrameworksBuildPhase section */

/* Begin PBXGroup section */
		CF836B451A42482800704A2C = {
			isa = PBXGroup;
			children = (
				CF836B501A42482800704A2C /* UserDataChallengeSolution */,
				CF836B6D1A42482800704A2C /* UserDataChallengeSolutionTests */,
				CF836B4F1A42482800704A2C /* Products */,
			);
			sourceTree = "<group>";
		};
		CF836B4F1A42482800704A2C /* Products */ = {
			isa = PBXGroup;
			children = (
				CF836B4E1A42482800704A2C /* UserDataChallengeSolution.app */,
				CF836B6A1A42482800704A2C /* UserDataChallengeSolutionTests.xctest */,
			);
			name = Products;
			sourceTree = "<group>";
		};
		CF836B501A42482800704A2C /* UserDataChallengeSolution */ = {
			isa = PBXGroup;
			children = (
				CF836B551A42482800704A2C /* AppDelegate.h */,
				CF836B561A42482800704A2C /* AppDelegate.m */,
				CF836B5B1A42482800704A2C /* ViewController.h */,
				CF836B5C1A42482800704A2C /* ViewController.m */,
				CF836B5E1A42482800704A2C /* Main.storyboard */,
				CF836B611A42482800704A2C /* Images.xcassets */,
				CF836B631A42482800704A2C /* LaunchScreen.xib */,
				CF836B581A42482800704A2C /* UserDataChallengeSolution.xcdatamodeld */,
				CF836B511A42482800704A2C /* Supporting Files */,
			);
			path = UserDataChallengeSolution;
			sourceTree = "<group>";
		};
		CF836B511A42482800704A2C /* Supporting Files */ = {
			isa = PBXGroup;
			children = (
				CF836B521A42482800704A2C /* Info.plist */,
				CF836B531A42482800704A2C /* main.m */,
			);
			name = "Supporting Files";
			sourceTree = "<group>";
		};
		CF836B6D1A42482800704A2C /* UserDataChallengeSolutionTests */ = {
			isa = PBXGroup;
			children = (
				CF836B701A42482800704A2C /* UserDataChallengeSolutionTests.m */,
				CF836B6E1A42482800704A2C /* Supporting Files */,
			);
			path = UserDataChallengeSolutionTests;
			sourceTree = "<group>";
		};
		CF836B6E1A42482800704A2C /* Supporting Files */ = {
			isa = PBXGroup;
			children = (
				CF836B6F1A42482800704A2C /* Info.plist */,
			);
			name = "Supporting Files";
			sourceTree = "<group>";
		};
/* End PBXGroup section */

/* Begin PBXNativeTarget section */
		CF836B4D1A42482800704A2C /* UserDataChallengeSolution */ = {
			isa = PBXNativeTarget;
			buildConfigurationList = CF836B741A42482800704A2C /* Build configuration list for PBXNativeTarget "UserDataChallengeSolution" */;
			buildPhases = (
				CF836B4A1A42482800704A2C /* Sources */,
				CF836B4B1A42482800704A2C /* Frameworks */,
				CF836B4C1A42482800704A2C /* Resources */,
			);
			buildRules = (
			);
			dependencies = (
			);
			name = UserDataChallengeSolution;
			productName = UserDataChallengeSolution;
			productReference = CF836B4E1A42482800704A2C /* UserDataChallengeSolution.app */;
			productType = "com.apple.product-type.application";
		};
		CF836B691A42482800704A2C /* UserDataChallengeSolutionTests */ = {
			isa = PBXNativeTarget;
			buildConfigurationList = CF836B771A42482800704A2C /* Build configuration list for PBXNativeTarget "UserDataChallengeSolutionTests" */;
			buildPhases = (
				CF836B661A42482800704A2C /* Sources */,
				CF836B671A42482800704A2C /* Frameworks */,
				CF836B681A42482800704A2C /* Resources */,
			);
			buildRules = (
			);
			dependencies = (
				CF836B6C1A42482800704A2C /* PBXTargetDependency */,
			);
			name = UserDataChallengeSolutionTests;
			productName = UserDataChallengeSolutionTests;
			productReference = CF836B6A1A42482800704A2C /* UserDataChallengeSolutionTests.xctest */;
			productType = "com.apple.product-type.bundle.unit-test";
		};
/* End PBXNativeTarget section */

/* Begin PBXProject section */
		CF836B461A42482800704A2C /* Project object */ = {
			isa = PBXProject;
			attributes = {
				LastUpgradeCheck = 0610;
				ORGANIZATIONNAME = "Pro-Tek";
				TargetAttributes = {
					CF836B4D1A42482800704A2C = {
						CreatedOnToolsVersion = 6.1.1;
					};
					CF836B691A42482800704A2C = {
						CreatedOnToolsVersion = 6.1.1;
						TestTargetID = CF836B4D1A42482800704A2C;
					};
				};
			};
			buildConfigurationList = CF836B491A42482800704A2C /* Build configuration list for PBXProject "UserDataChallengeSolution" */;
			compatibilityVersion = "Xcode 3.2";
			developmentRegion = English;
			hasScannedForEncodings = 0;
			knownRegions = (
				en,
				Base,
			);
			mainGroup = CF836B451A42482800704A2C;
			productRefGroup = CF836B4F1A42482800704A2C /* Products */;
			projectDirPath = "";
			projectRoot = "";
			targets = (
				CF836B4D1A42482800704A2C /* UserDataChallengeSolution */,
				CF836B691A42482800704A2C /* UserDataChallengeSolutionTests */,
			);
		};
/* End PBXProject section */

/* Begin PBXResourcesBuildPhase section */
		CF836B4C1A42482800704A2C /* Resources */ = {
			isa = PBXResourcesBuildPhase;
			buildActionMask = 2147483647;
			files = (
				CF836B601A42482800704A2C /* Main.storyboard in Resources */,
				CF836B651A42482800704A2C /* LaunchScreen.xib in Resources */,
				CF836B621A42482800704A2C /* Images.xcassets in Resources */,
			);
			runOnlyForDeploymentPostprocessing = 0;
		};
		CF836B681A42482800704A2C /* Resources */ = {
			isa = PBXResourcesBuildPhase;
			buildActionMask = 2147483647;
			files = (
			);
			runOnlyForDeploymentPostprocessing = 0;
		};
/* End PBXResourcesBuildPhase section */

/* Begin PBXSourcesBuildPhase section */
		CF836B4A1A42482800704A2C /* Sources */ = {
			isa = PBXSourcesBuildPhase;
			buildActionMask = 2147483647;
			files = (
				CF836B5A1A42482800704A2C /* UserDataChallengeSolution.xcdatamodeld in Sources */,
				CF836B571A42482800704A2C /* AppDelegate.m in Sources */,
				CF836B5D1A42482800704A2C /* ViewController.m in Sources */,
				CF836B541A42482800704A2C /* main.m in Sources */,
			);
			runOnlyForDeploymentPostprocessing = 0;
		};
		CF836B661A42482800704A2C /* Sources */ = {
			isa = PBXSourcesBuildPhase;
			buildActionMask = 2147483647;
			files = (
				CF836B711A42482800704A2C /* UserDataChallengeSolutionTests.m in Sources */,
			);
			runOnlyForDeploymentPostprocessing = 0;
		};
/* End PBXSourcesBuildPhase section */

/* Begin PBXTargetDependency section */
		CF836B6C1A42482800704A2C /* PBXTargetDependency */ = {
			isa = PBXTargetDependency;
			target = CF836B4D1A42482800704A2C /* UserDataChallengeSolution */;
			targetProxy = CF836B6B1A42482800704A2C /* PBXContainerItemProxy */;
		};
/* End PBXTargetDependency section */

/* Begin PBXVariantGroup section */
		CF836B5E1A42482800704A2C /* Main.storyboard */ = {
			isa = PBXVariantGroup;
			children = (
				CF836B5F1A42482800704A2C /* Base */,
			);
			name = Main.storyboard;
			sourceTree = "<group>";
		};
		CF836B631A42482800704A2C /* LaunchScreen.xib */ = {
			isa = PBXVariantGroup;
			children = (
				CF836B641A42482800704A2C /* Base */,
			);
			name = LaunchScreen.xib;
			sourceTree = "<group>";
		};
/* End PBXVariantGroup section */

/* Begin XCBuildConfiguration section */
		CF836B721A42482800704A2C /* Debug */ = {
			isa = XCBuildConfiguration;
			buildSettings = {
				ALWAYS_SEARCH_USER_PATHS = NO;
				CLANG_CXX_LANGUAGE_STANDARD = "gnu++0x";
				CLANG_CXX_LIBRARY = "libc++";
				CLANG_ENABLE_MODULES = YES;
				CLANG_ENABLE_OBJC_ARC = YES;
				CLANG_WARN_BOOL_CONVERSION = YES;
				CLANG_WARN_CONSTANT_CONVERSION = YES;
				CLANG_WARN_DIRECT_OBJC_ISA_USAGE = YES_ERROR;
				CLANG_WARN_EMPTY_BODY = YES;
				CLANG_WARN_ENUM_CONVERSION = YES;
				CLANG_WARN_INT_CONVERSION = YES;
				CLANG_WARN_OBJC_ROOT_CLASS = YES_ERROR;
				CLANG_WARN_UNREACHABLE_CODE = YES;
				CLANG_WARN__DUPLICATE_METHOD_MATCH = YES;
				"CODE_SIGN_IDENTITY[sdk=iphoneos*]" = "iPhone Developer";
				COPY_PHASE_STRIP = NO;
				ENABLE_STRICT_OBJC_MSGSEND = YES;
				GCC_C_LANGUAGE_STANDARD = gnu99;
				GCC_DYNAMIC_NO_PIC = NO;
				GCC_OPTIMIZATION_LEVEL = 0;
				GCC_PREPROCESSOR_DEFINITIONS = (
					"DEBUG=1",
					"$(inherited)",
				);
				GCC_SYMBOLS_PRIVATE_EXTERN = NO;
				GCC_WARN_64_TO_32_BIT_CONVERSION = YES;
				GCC_WARN_ABOUT_RETURN_TYPE = YES_ERROR;
				GCC_WARN_UNDECLARED_SELECTOR = YES;
				GCC_WARN_UNINITIALIZED_AUTOS = YES_AGGRESSIVE;
				GCC_WARN_UNUSED_FUNCTION = YES;
				GCC_WARN_UNUSED_VARIABLE = YES;
				IPHONEOS_DEPLOYMENT_TARGET = 8.1;
				MTL_ENABLE_DEBUG_INFO = YES;
				ONLY_ACTIVE_ARCH = YES;
				SDKROOT = iphoneos;
			};
			name = Debug;
		};
		CF836B731A42482800704A2C /* Release */ = {
			isa = XCBuildConfiguration;
			buildSettings = {
				ALWAYS_SEARCH_USER_PATHS = NO;
				CLANG_CXX_LANGUAGE_STANDARD = "gnu++0x";
				CLANG_CXX_LIBRARY = "libc++";
				CLANG_ENABLE_MODULES = YES;
				CLANG_ENABLE_OBJC_ARC = YES;
				CLANG_WARN_BOOL_CONVERSION = YES;
				CLANG_WARN_CONSTANT_CONVERSION = YES;
				CLANG_WARN_DIRECT_OBJC_ISA_USAGE = YES_ERROR;
				CLANG_WARN_EMPTY_BODY = YES;
				CLANG_WARN_ENUM_CONVERSION = YES;
				CLANG_WARN_INT_CONVERSION = YES;
				CLANG_WARN_OBJC_ROOT_CLASS = YES_ERROR;
				CLANG_WARN_UNREACHABLE_CODE = YES;
				CLANG_WARN__DUPLICATE_METHOD_MATCH = YES;
				"CODE_SIGN_IDENTITY[sdk=iphoneos*]" = "iPhone Developer";
				COPY_PHASE_STRIP = YES;
				ENABLE_NS_ASSERTIONS = NO;
				ENABLE_STRICT_OBJC_MSGSEND = YES;
				GCC_C_LANGUAGE_STANDARD = gnu99;
				GCC_WARN_64_TO_32_BIT_CONVERSION = YES;
				GCC_WARN_ABOUT_RETURN_TYPE = YES_ERROR;
				GCC_WARN_UNDECLARED_SELECTOR = YES;
				GCC_WARN_UNINITIALIZED_AUTOS = YES_AGGRESSIVE;
				GCC_WARN_UNUSED_FUNCTION = YES;
				GCC_WARN_UNUSED_VARIABLE = YES;
				IPHONEOS_DEPLOYMENT_TARGET = 8.1;
				MTL_ENABLE_DEBUG_INFO = NO;
				SDKROOT = iphoneos;
				VALIDATE_PRODUCT = YES;
			};
			name = Release;
		};
		CF836B751A42482800704A2C /* Debug */ = {
			isa = XCBuildConfiguration;
			buildSettings = {
				ASSETCATALOG_COMPILER_APPICON_NAME = AppIcon;
				INFOPLIST_FILE = UserDataChallengeSolution/Info.plist;
				LD_RUNPATH_SEARCH_PATHS = "$(inherited) @executable_path/Frameworks";
				PRODUCT_NAME = "$(TARGET_NAME)";
			};
			name = Debug;
		};
		CF836B761A42482800704A2C /* Release */ = {
			isa = XCBuildConfiguration;
			buildSettings = {
				ASSETCATALOG_COMPILER_APPICON_NAME = AppIcon;
				INFOPLIST_FILE = UserDataChallengeSolution/Info.plist;
				LD_RUNPATH_SEARCH_PATHS = "$(inherited) @executable_path/Frameworks";
				PRODUCT_NAME = "$(TARGET_NAME)";
			};
			name = Release;
		};
		CF836B781A42482800704A2C /* Debug */ = {
			isa = XCBuildConfiguration;
			buildSettings = {
				BUNDLE_LOADER = "$(TEST_HOST)";
				FRAMEWORK_SEARCH_PATHS = (
					"$(SDKROOT)/Developer/Library/Frameworks",
					"$(inherited)",
				);
				GCC_PREPROCESSOR_DEFINITIONS = (
					"DEBUG=1",
					"$(inherited)",
				);
				INFOPLIST_FILE = UserDataChallengeSolutionTests/Info.plist;
				LD_RUNPATH_SEARCH_PATHS = "$(inherited) @executable_path/Frameworks @loader_path/Frameworks";
				PRODUCT_NAME = "$(TARGET_NAME)";
				TEST_HOST = "$(BUILT_PRODUCTS_DIR)/UserDataChallengeSolution.app/UserDataChallengeSolution";
			};
			name = Debug;
		};
		CF836B791A42482800704A2C /* Release */ = {
			isa = XCBuildConfiguration;
			buildSettings = {
				BUNDLE_LOADER = "$(TEST_HOST)";
				FRAMEWORK_SEARCH_PATHS = (
					"$(SDKROOT)/Developer/Library/Frameworks",
					"$(inherited)",
				);
				INFOPLIST_FILE = UserDataChallengeSolutionTests/Info.plist;
				LD_RUNPATH_SEARCH_PATHS = "$(inherited) @executable_path/Frameworks @loader_path/Frameworks";
				PRODUCT_NAME = "$(TARGET_NAME)";
				TEST_HOST = "$(BUILT_PRODUCTS_DIR)/UserDataChallengeSolution.app/UserDataChallengeSolution";
			};
			name = Release;
		};
/* End XCBuildConfiguration section */

/* Begin XCConfigurationList section */
		CF836B491A42482800704A2C /* Build configuration list for PBXProject "UserDataChallengeSolution" */ = {
			isa = XCConfigurationList;
			buildConfigurations = (
				CF836B721A42482800704A2C /* Debug */,
				CF836B731A42482800704A2C /* Release */,
			);
			defaultConfigurationIsVisible = 0;
			defaultConfigurationName = Release;
		};
		CF836B741A42482800704A2C /* Build configuration list for PBXNativeTarget "UserDataChallengeSolution" */ = {
			isa = XCConfigurationList;
			buildConfigurations = (
				CF836B751A42482800704A2C /* Debug */,
				CF836B761A42482800704A2C /* Release */,
			);
			defaultConfigurationIsVisible = 0;
		};
		CF836B771A42482800704A2C /* Build configuration list for PBXNativeTarget "UserDataChallengeSolutionTests" */ = {
			isa = XCConfigurationList;
			buildConfigurations = (
				CF836B781A42482800704A2C /* Debug */,
				CF836B791A42482800704A2C /* Release */,
			);
			defaultConfigurationIsVisible = 0;
		};
/* End XCConfigurationList section */

/* Begin XCVersionGroup section */
		CF836B581A42482800704A2C /* UserDataChallengeSolution.xcdatamodeld */ = {
			isa = XCVersionGroup;
			children = (
				CF836B591A42482800704A2C /* UserDataChallengeSolution.xcdatamodel */,
			);
			currentVersion = CF836B591A42482800704A2C /* UserDataChallengeSolution.xcdatamodel */;
			path = UserDataChallengeSolution.xcdatamodeld;
			sourceTree = "<group>";
			versionGroupType = wrapper.xcdatamodel;
		};
/* End XCVersionGroup section */
	};
	rootObject = CF836B461A42482800704A2C /* Project object */;
}
